{"1.1.0",
[{<<"base16">>,{pkg,<<"base16">>,<<"1.0.0">>},2},
 {<<"cowboy">>,
  {git,"https://github.com/extend/cowboy",
       {ref,"90ae31998e8d0887b9efe4b441136ac047708bb9"}},
  2},
 {<<"cowlib">>,
  {git,"https://github.com/ninenines/cowlib.git",
       {ref,"14e597baa42a436469f99661ed7994685e269dc2"}},
  2},
 {<<"eini">>,{pkg,<<"eini">>,<<"1.2.4">>},2},
 {<<"enotify">>,{pkg,<<"enotify">>,<<"0.1.0">>},2},
 {<<"envy">>,
  {git,"https://github.com/markan/envy.git",
       {ref,"0148fb4b7ed0e188511578e98b42d6e7dde0ebd1"}},
  2},
 {<<"eper">>,{pkg,<<"eper">>,<<"0.94.0">>},2},
 {<<"erlcloud">>,{pkg,<<"erlcloud">>,<<"2.2.9">>},1},
 {<<"gen_smtp">>,
  {git,"https://github.com/Vagabond/gen_smtp.git",
       {ref,"e07022695735fe3b3eaf0fca52d85e91eef2a67f"}},
  1},
 {<<"goldrush">>,
  {git,"git://github.com/DeadZen/goldrush.git",
       {ref,"212299233c7e7eb63a97be2777e1c05ebaa58dbe"}},
  2},
 {<<"graphql">>,
  {git,"https://github.com/shopgun/graphql-erlang.git",
       {ref,"98e28d67c299fc6a35da23e2ca4930839fc519e1"}},
  0},
 {<<"gun">>,
  {git,"https://github.com/ninenines/gun.git",
       {ref,"427230d6f94f5b8a396fd504a73d73d1d65ab0a7"}},
  2},
 {<<"ibrowse">>,
  {git,"https://github.com/chef/ibrowse",
       {ref,"8f3f6a3a30730b193cc340a8885a960586dc98de"}},
  2},
 {<<"iso8601">>,
  {git,"https://github.com/erlsci/iso8601.git",
       {ref,"14ec9ecbea7aaef08176a2784c59b51ea04e5b82"}},
  0},
 {<<"jiffy">>,{pkg,<<"jiffy">>,<<"0.14.11">>},2},
 {<<"jsx">>,{pkg,<<"jsx">>,<<"2.8.0">>},2},
 {<<"lager">>,
  {git,"git://github.com/basho/lager.git",
       {ref,"bce5504a955e52be8d5cf4b3c6b1fcd898ab5756"}},
  1},
 {<<"lhttpc">>,{pkg,<<"lhttpc">>,<<"1.5.3">>},2},
 {<<"luerl">>,
  {git,"https://github.com/rvirding/luerl.git",
       {ref,"b454429a042b9de9df8da3bca3803f89ba739cfd"}},
  1},
 {<<"meck">>,{pkg,<<"meck">>,<<"0.8.8">>},2},
 {<<"mimerl">>,{pkg,<<"mimerl">>,<<"1.1.0">>},2},
 {<<"mini_s3">>,
  {git,"https://github.com/chef/mini_s3.git",
       {ref,"83814499d870c552867f440304e536f7558f70e3"}},
  1},
 {<<"nkadmin">>,
  {git,"https://github.com/netcomposer/nkadmin",
       {ref,"597ad63d684224db1cb10504ebb4327ba2e6bf31"}},
  0},
 {<<"nkapi">>,
  {git,"http://github.com/netcomposer/nkapi",
       {ref,"e111f53564c2dce6a9e37ad7ca202bb8dfc1b512"}},
  0},
 {<<"nkelastic">>,
  {git,"http://github.com/netcomposer/nkelastic",
       {ref,"215cfd6bb9b5dcdd6ae5b18fa3eb54804a71609d"}},
  0},
 {<<"nkfile">>,
  {git,"http://github.com/netcomposer/nkfile",
       {ref,"d616240e55c1fd327801f211967cb502d743c560"}},
  0},
 {<<"nkhttpc">>,
  {git,"https://github.com/netcomposer/nkhttpc.git",
       {ref,"2eb218f15bd367b6f50c6e5b48c945b7cf942c37"}},
  1},
 {<<"nklib">>,
  {git,"https://github.com/netcomposer/nklib",
       {ref,"76f24b8311a7a9e68d32c202c46372aa417d7e96"}},
  1},
 {<<"nkmail">>,
  {git,"http://github.com/netcomposer/nkmail",
       {ref,"8fc7ae44151ec451ee8e3e45086317dd7aefb800"}},
  0},
 {<<"nkpacket">>,
  {git,"http://github.com/NetComposer/nkpacket",
       {ref,"a6e30e5b7ad801c1a6a4d382d5fc3bb94da3c2a9"}},
  1},
 {<<"nkrole">>,
  {git,"http://github.com/netcomposer/nkrole",
       {ref,"e2aaee29c133bad80798223f1beee885c11d4627"}},
  0},
 {<<"p1_pgsql">>,{pkg,<<"p1_pgsql">>,<<"1.1.4">>},0},
 {<<"pbkdf2">>,{pkg,<<"pbkdf2">>,<<"2.0.0">>},0},
 {<<"poolboy">>,{pkg,<<"poolboy">>,<<"1.5.1">>},1},
 {<<"ranch">>,
  {git,"https://github.com/ninenines/ranch.git",
       {ref,"741bfb73ca663394ecf7a73410506d66f01985a6"}},
  2},
 {<<"recon">>,{pkg,<<"recon">>,<<"2.3.2">>},2},
 {<<"yamerl">>,{pkg,<<"yamerl">>,<<"0.5.0">>},0}]}.
[
{pkg_hash,[
 {<<"base16">>, <<"283644E2B21BD5915ACB7178BED7851FB07C6E5749B8FAD68A53C501092176D9">>},
 {<<"eini">>, <<"ABD64A0533398A6D714D21219BB85F2D41FDB42665AC4080939B7BFA8E55F386">>},
 {<<"enotify">>, <<"F6BF33AA7BC4789D953087E48C6ADBC6D9682B6D67E4BC353C2FDB96C5AC5595">>},
 {<<"eper">>, <<"F5FB2DAA0DF8878748E1C598428EDA942A173E5121FF35C1D632129B84593A3A">>},
 {<<"erlcloud">>, <<"792D1934F37D72689CC9A7B8587FC243AE787F5B87F972D78B9CF669B251D6E0">>},
 {<<"jiffy">>, <<"919A87D491C5A6B5E3BBC27FAFEDC3A0761CA0B4C405394F121F582FD4E3F0E5">>},
 {<<"jsx">>, <<"749BEC6D205C694AE1786D62CEA6CC45A390437E24835FD16D12D74F07097727">>},
 {<<"lhttpc">>, <<"F87F1AA17C29EF57994DE47F679D2EF43E4CF7BF9A3F476F0B4243F2DE541D0A">>},
 {<<"meck">>, <<"EEB3EFE811D4346E1A7F65B2738ABC2AD73CBE1A2C91B5DD909BAC2EA0414FA6">>},
 {<<"mimerl">>, <<"5640F2E988056D5E77BF5C8500D306D15749E29518F342DB02E42DAC5D232486">>},
 {<<"p1_pgsql">>, <<"EADBBDDEE8D52145694BF86BDFE8C1AE8353A55E152410146B8C2711756D6041">>},
 {<<"pbkdf2">>, <<"11C23279FDED5C0027AB3996CFAE77805521D7EF4BABDE2BD7EC04A9086CF499">>},
 {<<"poolboy">>, <<"6B46163901CFD0A1B43D692657ED9D7E599853B3B21B95AE5AE0A777CF9B6CA8">>},
 {<<"recon">>, <<"4444C879BE323B1B133EEC5241CB84BD3821EA194C740D75617E106BE4744318">>},
 {<<"yamerl">>, <<"6EC55A5D830F6F0D65A4030F5C5DB24B0E72B813DFBDE32FEA44B4951ED9417C">>}]}
].
